
Microsoft Visual Studio Solution File, Format Version 12.00
# Visual Studio Version 17
VisualStudioVersion = 17.3.32922.545
MinimumVisualStudioVersion = 10.0.40219.1
Project("{FAE04EC0-301F-11D3-BF4B-00C04F79EFBC}") = "Semana2_Ejercicio", "Semana2_Ejercicio\Semana2_Ejercicio.csproj", "{6CA45CCE-5FDA-4D69-BF85-2C8CDF9F44B7}"
EndProject
Global
	GlobalSection(SolutionConfigurationPlatforms) = preSolution
		Debug|Any CPU = Debug|Any CPU
		Release|Any CPU = Release|Any CPU
	EndGlobalSection
	GlobalSection(ProjectConfigurationPlatforms) = postSolution
		{6CA45CCE-5FDA-4D69-BF85-2C8CDF9F44B7}.Debug|Any CPU.ActiveCfg = Debug|Any CPU
		{6CA45CCE-5FDA-4D69-BF85-2C8CDF9F44B7}.Debug|Any CPU.Build.0 = Debug|Any CPU
		{6CA45CCE-5FDA-4D69-BF85-2C8CDF9F44B7}.Release|Any CPU.ActiveCfg = Release|Any CPU
		{6CA45CCE-5FDA-4D69-BF85-2C8CDF9F44B7}.Release|Any CPU.Build.0 = Release|Any CPU
	EndGlobalSection
	GlobalSection(SolutionProperties) = preSolution
		HideSolutionNode = FALSE
	EndGlobalSection
	GlobalSection(ExtensibilityGlobals) = postSolution
		SolutionGuid = {A1B6E9AD-7ABA-4D27-8480-973792CCF1E7}
	EndGlobalSection
EndGlobal
